# @generated by Move, please check-in and do not edit manually.

[move]
version = 3
manifest_digest = "0F9FC925E8EA821080502A5D59599E92337B493CE725E0A3F0E812E4E32569EF"
deps_digest = "F8BBB0CCB2491CA29A3DF03D6F92277A4F3574266507ACD77214D37ECA3F3082"
dependencies = [
  { id = "Sui", name = "Sui" },
]

[[move.package]]
id = "MoveStdlib"
source = { git = "https://github.com/MystenLabs/sui.git", rev = "testnet", subdir = "crates\\sui-framework\\packages\\move-stdlib" }

[[move.package]]
id = "Sui"
source = { git = "https://github.com/MystenLabs/sui.git", rev = "testnet", subdir = "crates/sui-framework/packages/sui-framework" }

dependencies = [
  { id = "MoveStdlib", name = "MoveStdlib" },
]

[move.toolchain-version]
compiler-version = "1.49.1"
edition = "2024"
flavor = "sui"

[env]

[env.testnet]
chain-id = "4c78adac"
original-published-id = "0xa2b73c54b9f354050462547787463e79f33b48fc6c1fea35673f12e3a535ec60"
latest-published-id = "0xa2b73c54b9f354050462547787463e79f33b48fc6c1fea35673f12e3a535ec60"
published-version = "1"
